
Microsoft Visual Studio Solution File, Format Version 12.00
# Visual Studio Version 17
VisualStudioVersion = 17.4.33213.308
MinimumVisualStudioVersion = 10.0.40219.1
Project("{FAE04EC0-301F-11D3-BF4B-00C04F79EFBC}") = "Oprosnik", "Oprosnik\Oprosnik.csproj", "{ADB6F809-C919-4D58-B22C-85143A1D9433}"
EndProject
Global
	GlobalSection(SolutionConfigurationPlatforms) = preSolution
		Debug|Any CPU = Debug|Any CPU
		Release|Any CPU = Release|Any CPU
	EndGlobalSection
	GlobalSection(ProjectConfigurationPlatforms) = postSolution
		{ADB6F809-C919-4D58-B22C-85143A1D9433}.Debug|Any CPU.ActiveCfg = Debug|Any CPU
		{ADB6F809-C919-4D58-B22C-85143A1D9433}.Debug|Any CPU.Build.0 = Debug|Any CPU
		{ADB6F809-C919-4D58-B22C-85143A1D9433}.Release|Any CPU.ActiveCfg = Release|Any CPU
		{ADB6F809-C919-4D58-B22C-85143A1D9433}.Release|Any CPU.Build.0 = Release|Any CPU
	EndGlobalSection
	GlobalSection(SolutionProperties) = preSolution
		HideSolutionNode = FALSE
	EndGlobalSection
	GlobalSection(ExtensibilityGlobals) = postSolution
		SolutionGuid = {5FD53971-5772-41EE-BC13-FFB1032B4F0D}
	EndGlobalSection
EndGlobal
